{
    "_readme": [
        "This file locks the dependencies of your project to a known state",
        "Read more about it at https://getcomposer.org/doc/01-basic-usage.md#installing-dependencies",
        "This file is @generated automatically"
    ],
    "content-hash": "b53134dfe5949824ab4c2dd331049bc6",
    "packages": [
        {
            "name": "mung9thang12/permission",
            "version": "v1.0",
            "source": {
                "type": "git",
                "url": "https://github.com/mung9thang12/permission.git",
                "reference": "6e3f07a6d5e3326f5df674e607b744022ee284ab"
            },
            "dist": {
                "type": "zip",
                "url": "https://api.github.com/repos/mung9thang12/permission/zipball/6e3f07a6d5e3326f5df674e607b744022ee284ab",
                "reference": "6e3f07a6d5e3326f5df674e607b744022ee284ab",
                "shasum": ""
            },
            "require": {
                "php": "^7.3"
            },
            "type": "library",
            "autoload": {
                "psr-4": {
                    "Mung9thang12\\Permission\\": "src/"
                }
            },
            "notification-url": "https://packagist.org/downloads/",
            "authors": [
                {
                    "name": "mung9thang12",
                    "email": "mung9thang12@gmail.com"
                }
            ],
            "description": "laravel permission customize for spatie/laravel-permission",
            "time": "2020-09-21T13:05:16+00:00"
        }
    ],
    "packages-dev": [],
    "aliases": [],
    "minimum-stability": "stable",
    "stability-flags": [],
    "prefer-stable": false,
    "prefer-lowest": false,
    "platform": {
        "php": "^7.3"
    },
    "platform-dev": []
}
